
Microsoft Visual Studio Solution File, Format Version 12.00
# Visual Studio Version 16
VisualStudioVersion = 16.0.32802.440
MinimumVisualStudioVersion = 10.0.40219.1
Project("{9A19103F-16F7-4668-BE54-9A1E7A4F7556}") = "FORMS_PARCIAL_02[PEREZCARDENAL.PATRICIO]", "FORMS_PARCIAL_02[PEREZCARDENAL.PATRICIO]\FORMS_PARCIAL_02[PEREZCARDENAL.PATRICIO].csproj", "{397E4D33-35CE-4872-9F5C-A5B0E13D7D93}"
EndProject
Project("{9A19103F-16F7-4668-BE54-9A1E7A4F7556}") = "BIBLOTECA_PARCIAL_02[PEREZCARDENAL.PATRICIO]", "BIBLOTECA_PARCIAL_02[PEREZCARDENAL.PATRICIO]\BIBLOTECA_PARCIAL_02[PEREZCARDENAL.PATRICIO].csproj", "{D21B1070-E6A6-4512-9271-5306BCC089A8}"
EndProject
Project("{FAE04EC0-301F-11D3-BF4B-00C04F79EFBC}") = "PROGRAM_PARCIAL_02[PEREZCARDENAL.PATRICIO]", "PROGRAM_PARCIAL_02[PEREZCARDENAL.PATRICIO]\PROGRAM_PARCIAL_02[PEREZCARDENAL.PATRICIO].csproj", "{EA46F868-DFF8-4E3B-BA82-BEDE307FC44F}"
EndProject
Global
	GlobalSection(SolutionConfigurationPlatforms) = preSolution
		Debug|Any CPU = Debug|Any CPU
		Release|Any CPU = Release|Any CPU
	EndGlobalSection
	GlobalSection(ProjectConfigurationPlatforms) = postSolution
		{397E4D33-35CE-4872-9F5C-A5B0E13D7D93}.Debug|Any CPU.ActiveCfg = Debug|Any CPU
		{397E4D33-35CE-4872-9F5C-A5B0E13D7D93}.Debug|Any CPU.Build.0 = Debug|Any CPU
		{397E4D33-35CE-4872-9F5C-A5B0E13D7D93}.Release|Any CPU.ActiveCfg = Release|Any CPU
		{397E4D33-35CE-4872-9F5C-A5B0E13D7D93}.Release|Any CPU.Build.0 = Release|Any CPU
		{D21B1070-E6A6-4512-9271-5306BCC089A8}.Debug|Any CPU.ActiveCfg = Debug|Any CPU
		{D21B1070-E6A6-4512-9271-5306BCC089A8}.Debug|Any CPU.Build.0 = Debug|Any CPU
		{D21B1070-E6A6-4512-9271-5306BCC089A8}.Release|Any CPU.ActiveCfg = Release|Any CPU
		{D21B1070-E6A6-4512-9271-5306BCC089A8}.Release|Any CPU.Build.0 = Release|Any CPU
		{EA46F868-DFF8-4E3B-BA82-BEDE307FC44F}.Debug|Any CPU.ActiveCfg = Debug|Any CPU
		{EA46F868-DFF8-4E3B-BA82-BEDE307FC44F}.Debug|Any CPU.Build.0 = Debug|Any CPU
		{EA46F868-DFF8-4E3B-BA82-BEDE307FC44F}.Release|Any CPU.ActiveCfg = Release|Any CPU
		{EA46F868-DFF8-4E3B-BA82-BEDE307FC44F}.Release|Any CPU.Build.0 = Release|Any CPU
	EndGlobalSection
	GlobalSection(SolutionProperties) = preSolution
		HideSolutionNode = FALSE
	EndGlobalSection
	GlobalSection(ExtensibilityGlobals) = postSolution
		SolutionGuid = {010AF021-E11E-46E9-B83B-83F01E5DF496}
	EndGlobalSection
EndGlobal
